
Microsoft Visual Studio Solution File, Format Version 12.00
# Visual Studio Version 17
VisualStudioVersion = 17.9.34622.214
MinimumVisualStudioVersion = 10.0.40219.1
Project("{FAE04EC0-301F-11D3-BF4B-00C04F79EFBC}") = "Bank", "Bank.csproj", "{438E43C6-A375-4683-B0B4-D5C724EDD755}"
EndProject
Project("{FAE04EC0-301F-11D3-BF4B-00C04F79EFBC}") = "BusinessLayerBankSystem", "..\BusinessLayerBankSystem\BusinessLayerBankSystem.csproj", "{A1CFB810-1623-40A4-9EBF-6691234FB058}"
EndProject
Project("{FAE04EC0-301F-11D3-BF4B-00C04F79EFBC}") = "DataAccessLayerBankSystem", "..\DataAccessLayerBankSystem\DataAccessLayerBankSystem.csproj", "{205063D3-CECB-41C5-B14F-7B946A75ECB4}"
EndProject
Global
	GlobalSection(SolutionConfigurationPlatforms) = preSolution
		Debug|Any CPU = Debug|Any CPU
		Release|Any CPU = Release|Any CPU
	EndGlobalSection
	GlobalSection(ProjectConfigurationPlatforms) = postSolution
		{438E43C6-A375-4683-B0B4-D5C724EDD755}.Debug|Any CPU.ActiveCfg = Debug|Any CPU
		{438E43C6-A375-4683-B0B4-D5C724EDD755}.Debug|Any CPU.Build.0 = Debug|Any CPU
		{438E43C6-A375-4683-B0B4-D5C724EDD755}.Release|Any CPU.ActiveCfg = Release|Any CPU
		{438E43C6-A375-4683-B0B4-D5C724EDD755}.Release|Any CPU.Build.0 = Release|Any CPU
		{A1CFB810-1623-40A4-9EBF-6691234FB058}.Debug|Any CPU.ActiveCfg = Debug|Any CPU
		{A1CFB810-1623-40A4-9EBF-6691234FB058}.Debug|Any CPU.Build.0 = Debug|Any CPU
		{A1CFB810-1623-40A4-9EBF-6691234FB058}.Release|Any CPU.ActiveCfg = Release|Any CPU
		{A1CFB810-1623-40A4-9EBF-6691234FB058}.Release|Any CPU.Build.0 = Release|Any CPU
		{205063D3-CECB-41C5-B14F-7B946A75ECB4}.Debug|Any CPU.ActiveCfg = Debug|Any CPU
		{205063D3-CECB-41C5-B14F-7B946A75ECB4}.Debug|Any CPU.Build.0 = Debug|Any CPU
		{205063D3-CECB-41C5-B14F-7B946A75ECB4}.Release|Any CPU.ActiveCfg = Release|Any CPU
		{205063D3-CECB-41C5-B14F-7B946A75ECB4}.Release|Any CPU.Build.0 = Release|Any CPU
	EndGlobalSection
	GlobalSection(SolutionProperties) = preSolution
		HideSolutionNode = FALSE
	EndGlobalSection
	GlobalSection(ExtensibilityGlobals) = postSolution
		SolutionGuid = {C472159D-255A-4425-AB73-CF26D682B800}
	EndGlobalSection
EndGlobal
